// !$*UTF8*$!
{
	archiveVersion = 1;
	classes = {
	};
	objectVersion = 46;
	objects = {

/* Begin PBXBuildFile section */
		2228FEEC17CCAE62004362D3 /* UIKit.framework in Frameworks */ = {isa = PBXBuildFile; fileRef = 2228FEEB17CCAE62004362D3 /* UIKit.framework */; };
		2228FEEE17CCAE62004362D3 /* Foundation.framework in Frameworks */ = {isa = PBXBuildFile; fileRef = 2228FEED17CCAE62004362D3 /* Foundation.framework */; };
		2228FEF017CCAE62004362D3 /* CoreGraphics.framework in Frameworks */ = {isa = PBXBuildFile; fileRef = 2228FEEF17CCAE62004362D3 /* CoreGraphics.framework */; };
		2228FEF617CCAE62004362D3 /* InfoPlist.strings in Resources */ = {isa = PBXBuildFile; fileRef = 2228FEF417CCAE62004362D3 /* InfoPlist.strings */; };
		2228FEF817CCAE62004362D3 /* main.m in Sources */ = {isa = PBXBuildFile; fileRef = 2228FEF717CCAE62004362D3 /* main.m */; };
		2228FEFC17CCAE62004362D3 /* AppDelegate.m in Sources */ = {isa = PBXBuildFile; fileRef = 2228FEFB17CCAE62004362D3 /* AppDelegate.m */; };
		2228FEFE17CCAE62004362D3 /* Default.png in Resources */ = {isa = PBXBuildFile; fileRef = 2228FEFD17CCAE62004362D3 /* Default.png */; };
		2228FF0017CCAE62004362D3 /* Default@2x.png in Resources */ = {isa = PBXBuildFile; fileRef = 2228FEFF17CCAE62004362D3 /* Default@2x.png */; };
		2228FF0217CCAE62004362D3 /* Default-568h@2x.png in Resources */ = {isa = PBXBuildFile; fileRef = 2228FF0117CCAE62004362D3 /* Default-568h@2x.png */; };
		2228FF0517CCAE62004362D3 /* MainStoryboard.storyboard in Resources */ = {isa = PBXBuildFile; fileRef = 2228FF0317CCAE62004362D3 /* MainStoryboard.storyboard */; };
		223C394317CE9C9800C15EBC /* ChevinCyrillic-Bold.ttf in Resources */ = {isa = PBXBuildFile; fileRef = 223C393E17CE9C9800C15EBC /* ChevinCyrillic-Bold.ttf */; };
		223C394417CE9C9800C15EBC /* ChevinCyrillic-BoldItalic.ttf in Resources */ = {isa = PBXBuildFile; fileRef = 223C393F17CE9C9800C15EBC /* ChevinCyrillic-BoldItalic.ttf */; };
		223C394517CE9C9800C15EBC /* ChevinCyrillic-Light.ttf in Resources */ = {isa = PBXBuildFile; fileRef = 223C394017CE9C9800C15EBC /* ChevinCyrillic-Light.ttf */; };
		223C394617CE9C9800C15EBC /* ChevinCyrillic-LightItalic.ttf in Resources */ = {isa = PBXBuildFile; fileRef = 223C394117CE9C9800C15EBC /* ChevinCyrillic-LightItalic.ttf */; };
		223C394717CE9C9800C15EBC /* G-Type - ChevinPro-Medium.otf in Resources */ = {isa = PBXBuildFile; fileRef = 223C394217CE9C9800C15EBC /* G-Type - ChevinPro-Medium.otf */; };
		223C394B17CEA24E00C15EBC /* NSDate+relativeDate.m in Sources */ = {isa = PBXBuildFile; fileRef = 223C394A17CEA24E00C15EBC /* NSDate+relativeDate.m */; };
		229AD64417CD03C000DE4385 /* RBMailListViewController.m in Sources */ = {isa = PBXBuildFile; fileRef = 229AD64317CD03C000DE4385 /* RBMailListViewController.m */; };
		229AD64B17CD050B00DE4385 /* navigationBarBg@2x.png in Resources */ = {isa = PBXBuildFile; fileRef = 229AD64A17CD050B00DE4385 /* navigationBarBg@2x.png */; };
		229AD64F17CD082E00DE4385 /* segmentActualMailOn@2x.png in Resources */ = {isa = PBXBuildFile; fileRef = 229AD64C17CD082E00DE4385 /* segmentActualMailOn@2x.png */; };
		229AD65017CD082E00DE4385 /* segmentDeletedMail@2x.png in Resources */ = {isa = PBXBuildFile; fileRef = 229AD64D17CD082E00DE4385 /* segmentDeletedMail@2x.png */; };
		229AD65117CD082E00DE4385 /* segmentDoneMail@2x.png in Resources */ = {isa = PBXBuildFile; fileRef = 229AD64E17CD082E00DE4385 /* segmentDoneMail@2x.png */; };
		229AD65917CD0FFA00DE4385 /* segmentActualMail@2x.png in Resources */ = {isa = PBXBuildFile; fileRef = 229AD65617CD0FFA00DE4385 /* segmentActualMail@2x.png */; };
		229AD65A17CD0FFA00DE4385 /* segmentDeletedMailOn@2x.png in Resources */ = {isa = PBXBuildFile; fileRef = 229AD65717CD0FFA00DE4385 /* segmentDeletedMailOn@2x.png */; };
		229AD65B17CD0FFA00DE4385 /* segmentDoneMailOn@2x.png in Resources */ = {isa = PBXBuildFile; fileRef = 229AD65817CD0FFA00DE4385 /* segmentDoneMailOn@2x.png */; };
		229AD65F17CD13FC00DE4385 /* IKImageSegmentedControl.m in Sources */ = {isa = PBXBuildFile; fileRef = 229AD65E17CD13FC00DE4385 /* IKImageSegmentedControl.m */; };
		229AD66117CD1DD300DE4385 /* refreshButton@2x.png in Resources */ = {isa = PBXBuildFile; fileRef = 229AD66017CD1DD300DE4385 /* refreshButton@2x.png */; };
		229AD67617CD20D100DE4385 /* AFHTTPClient.m in Sources */ = {isa = PBXBuildFile; fileRef = 229AD66417CD20D100DE4385 /* AFHTTPClient.m */; };
		229AD67717CD20D100DE4385 /* AFHTTPRequestOperation.m in Sources */ = {isa = PBXBuildFile; fileRef = 229AD66617CD20D100DE4385 /* AFHTTPRequestOperation.m */; };
		229AD67817CD20D100DE4385 /* AFImageRequestOperation.m in Sources */ = {isa = PBXBuildFile; fileRef = 229AD66817CD20D100DE4385 /* AFImageRequestOperation.m */; };
		229AD67917CD20D100DE4385 /* AFJSONRequestOperation.m in Sources */ = {isa = PBXBuildFile; fileRef = 229AD66A17CD20D100DE4385 /* AFJSONRequestOperation.m */; };
		229AD67A17CD20D100DE4385 /* AFNetworkActivityIndicatorManager.m in Sources */ = {isa = PBXBuildFile; fileRef = 229AD66C17CD20D100DE4385 /* AFNetworkActivityIndicatorManager.m */; };
		229AD67B17CD20D100DE4385 /* AFPropertyListRequestOperation.m in Sources */ = {isa = PBXBuildFile; fileRef = 229AD66F17CD20D100DE4385 /* AFPropertyListRequestOperation.m */; };
		229AD67C17CD20D100DE4385 /* AFURLConnectionOperation.m in Sources */ = {isa = PBXBuildFile; fileRef = 229AD67117CD20D100DE4385 /* AFURLConnectionOperation.m */; };
		229AD67D17CD20D100DE4385 /* AFXMLRequestOperation.m in Sources */ = {isa = PBXBuildFile; fileRef = 229AD67317CD20D100DE4385 /* AFXMLRequestOperation.m */; };
		229AD67E17CD20D100DE4385 /* UIImageView+AFNetworking.m in Sources */ = {isa = PBXBuildFile; fileRef = 229AD67517CD20D100DE4385 /* UIImageView+AFNetworking.m */; };
		229AD68217CD20FE00DE4385 /* DataProvider.m in Sources */ = {isa = PBXBuildFile; fileRef = 229AD68117CD20FE00DE4385 /* DataProvider.m */; };
		229AD68617CD213E00DE4385 /* RMMail.m in Sources */ = {isa = PBXBuildFile; fileRef = 229AD68517CD213E00DE4385 /* RMMail.m */; };
		229AD69117CD269000DE4385 /* IKActiveRecord.m in Sources */ = {isa = PBXBuildFile; fileRef = 229AD68917CD269000DE4385 /* IKActiveRecord.m */; };
		229AD69217CD269000DE4385 /* IKProperty.m in Sources */ = {isa = PBXBuildFile; fileRef = 229AD68B17CD269000DE4385 /* IKProperty.m */; };
		229AD69317CD269000DE4385 /* Sqlite.m in Sources */ = {isa = PBXBuildFile; fileRef = 229AD68E17CD269000DE4385 /* Sqlite.m */; };
		229AD69417CD269000DE4385 /* SqliteManager.m in Sources */ = {isa = PBXBuildFile; fileRef = 229AD69017CD269000DE4385 /* SqliteManager.m */; };
		229AD69617CD278500DE4385 /* libsqlite3.dylib in Frameworks */ = {isa = PBXBuildFile; fileRef = 229AD69517CD278500DE4385 /* libsqlite3.dylib */; };
		229AD69817CD27B900DE4385 /* Security.framework in Frameworks */ = {isa = PBXBuildFile; fileRef = 229AD69717CD27B900DE4385 /* Security.framework */; };
		229AD69B17CD2E6A00DE4385 /* RMMailCell.m in Sources */ = {isa = PBXBuildFile; fileRef = 229AD69A17CD2E6A00DE4385 /* RMMailCell.m */; };
		229AD69D17CD2FA000DE4385 /* start@2x.png in Resources */ = {isa = PBXBuildFile; fileRef = 229AD69C17CD2FA000DE4385 /* start@2x.png */; };
		229AD69F17CE3F4600DE4385 /* RMMailCellDelimiter@2x.png in Resources */ = {isa = PBXBuildFile; fileRef = 229AD69E17CE3F4600DE4385 /* RMMailCellDelimiter@2x.png */; };
		229AD6A317CE40F400DE4385 /* iconDone@2x.png in Resources */ = {isa = PBXBuildFile; fileRef = 229AD6A117CE40F400DE4385 /* iconDone@2x.png */; };
		229AD6A517CE41FD00DE4385 /* iconDelete@2x.png in Resources */ = {isa = PBXBuildFile; fileRef = 229AD6A417CE41FD00DE4385 /* iconDelete@2x.png */; };
		229AD6A717CE547400DE4385 /* QuartzCore.framework in Frameworks */ = {isa = PBXBuildFile; fileRef = 229AD6A617CE547400DE4385 /* QuartzCore.framework */; };
		229AD6AA17CE678E00DE4385 /* RMMailLoadingCell.m in Sources */ = {isa = PBXBuildFile; fileRef = 229AD6A917CE678E00DE4385 /* RMMailLoadingCell.m */; };
/* End PBXBuildFile section */

/* Begin PBXFileReference section */
		2228FEE817CCAE62004362D3 /* RocketMailApp.app */ = {isa = PBXFileReference; explicitFileType = wrapper.application; includeInIndex = 0; path = RocketMailApp.app; sourceTree = BUILT_PRODUCTS_DIR; };
		2228FEEB17CCAE62004362D3 /* UIKit.framework */ = {isa = PBXFileReference; lastKnownFileType = wrapper.framework; name = UIKit.framework; path = System/Library/Frameworks/UIKit.framework; sourceTree = SDKROOT; };
		2228FEED17CCAE62004362D3 /* Foundation.framework */ = {isa = PBXFileReference; lastKnownFileType = wrapper.framework; name = Foundation.framework; path = System/Library/Frameworks/Foundation.framework; sourceTree = SDKROOT; };
		2228FEEF17CCAE62004362D3 /* CoreGraphics.framework */ = {isa = PBXFileReference; lastKnownFileType = wrapper.framework; name = CoreGraphics.framework; path = System/Library/Frameworks/CoreGraphics.framework; sourceTree = SDKROOT; };
		2228FEF317CCAE62004362D3 /* RocketMailApp-Info.plist */ = {isa = PBXFileReference; lastKnownFileType = text.plist.xml; path = "RocketMailApp-Info.plist"; sourceTree = "<group>"; };
		2228FEF517CCAE62004362D3 /* en */ = {isa = PBXFileReference; lastKnownFileType = text.plist.strings; name = en; path = en.lproj/InfoPlist.strings; sourceTree = "<group>"; };
		2228FEF717CCAE62004362D3 /* main.m */ = {isa = PBXFileReference; lastKnownFileType = sourcecode.c.objc; path = main.m; sourceTree = "<group>"; };
		2228FEF917CCAE62004362D3 /* RocketMailApp-Prefix.pch */ = {isa = PBXFileReference; lastKnownFileType = sourcecode.c.h; path = "RocketMailApp-Prefix.pch"; sourceTree = "<group>"; };
		2228FEFA17CCAE62004362D3 /* AppDelegate.h */ = {isa = PBXFileReference; lastKnownFileType = sourcecode.c.h; path = AppDelegate.h; sourceTree = "<group>"; };
		2228FEFB17CCAE62004362D3 /* AppDelegate.m */ = {isa = PBXFileReference; lastKnownFileType = sourcecode.c.objc; path = AppDelegate.m; sourceTree = "<group>"; };
		2228FEFD17CCAE62004362D3 /* Default.png */ = {isa = PBXFileReference; lastKnownFileType = image.png; path = Default.png; sourceTree = "<group>"; };
		2228FEFF17CCAE62004362D3 /* Default@2x.png */ = {isa = PBXFileReference; lastKnownFileType = image.png; path = "Default@2x.png"; sourceTree = "<group>"; };
		2228FF0117CCAE62004362D3 /* Default-568h@2x.png */ = {isa = PBXFileReference; lastKnownFileType = image.png; path = "Default-568h@2x.png"; sourceTree = "<group>"; };
		2228FF0417CCAE62004362D3 /* en */ = {isa = PBXFileReference; lastKnownFileType = file.storyboard; name = en; path = en.lproj/MainStoryboard.storyboard; sourceTree = "<group>"; };
		223C393E17CE9C9800C15EBC /* ChevinCyrillic-Bold.ttf */ = {isa = PBXFileReference; lastKnownFileType = file; path = "ChevinCyrillic-Bold.ttf"; sourceTree = "<group>"; };
		223C393F17CE9C9800C15EBC /* ChevinCyrillic-BoldItalic.ttf */ = {isa = PBXFileReference; lastKnownFileType = file; path = "ChevinCyrillic-BoldItalic.ttf"; sourceTree = "<group>"; };
		223C394017CE9C9800C15EBC /* ChevinCyrillic-Light.ttf */ = {isa = PBXFileReference; lastKnownFileType = file; path = "ChevinCyrillic-Light.ttf"; sourceTree = "<group>"; };
		223C394117CE9C9800C15EBC /* ChevinCyrillic-LightItalic.ttf */ = {isa = PBXFileReference; lastKnownFileType = file; path = "ChevinCyrillic-LightItalic.ttf"; sourceTree = "<group>"; };
		223C394217CE9C9800C15EBC /* G-Type - ChevinPro-Medium.otf */ = {isa = PBXFileReference; lastKnownFileType = file; path = "G-Type - ChevinPro-Medium.otf"; sourceTree = "<group>"; };
		223C394917CEA24E00C15EBC /* NSDate+relativeDate.h */ = {isa = PBXFileReference; fileEncoding = 4; lastKnownFileType = sourcecode.c.h; path = "NSDate+relativeDate.h"; sourceTree = "<group>"; };
		223C394A17CEA24E00C15EBC /* NSDate+relativeDate.m */ = {isa = PBXFileReference; fileEncoding = 4; lastKnownFileType = sourcecode.c.objc; path = "NSDate+relativeDate.m"; sourceTree = "<group>"; };
		229AD64217CD03C000DE4385 /* RBMailListViewController.h */ = {isa = PBXFileReference; fileEncoding = 4; lastKnownFileType = sourcecode.c.h; path = RBMailListViewController.h; sourceTree = "<group>"; };
		229AD64317CD03C000DE4385 /* RBMailListViewController.m */ = {isa = PBXFileReference; fileEncoding = 4; lastKnownFileType = sourcecode.c.objc; path = RBMailListViewController.m; sourceTree = "<group>"; };
		229AD64717CD04E700DE4385 /* Debug.h */ = {isa = PBXFileReference; fileEncoding = 4; lastKnownFileType = sourcecode.c.h; path = Debug.h; sourceTree = "<group>"; };
		229AD64A17CD050B00DE4385 /* navigationBarBg@2x.png */ = {isa = PBXFileReference; lastKnownFileType = image.png; path = "navigationBarBg@2x.png"; sourceTree = "<group>"; };
		229AD64C17CD082E00DE4385 /* segmentActualMailOn@2x.png */ = {isa = PBXFileReference; lastKnownFileType = image.png; path = "segmentActualMailOn@2x.png"; sourceTree = "<group>"; };
		229AD64D17CD082E00DE4385 /* segmentDeletedMail@2x.png */ = {isa = PBXFileReference; lastKnownFileType = image.png; path = "segmentDeletedMail@2x.png"; sourceTree = "<group>"; };
		229AD64E17CD082E00DE4385 /* segmentDoneMail@2x.png */ = {isa = PBXFileReference; lastKnownFileType = image.png; path = "segmentDoneMail@2x.png"; sourceTree = "<group>"; };
		229AD65617CD0FFA00DE4385 /* segmentActualMail@2x.png */ = {isa = PBXFileReference; lastKnownFileType = image.png; path = "segmentActualMail@2x.png"; sourceTree = "<group>"; };
		229AD65717CD0FFA00DE4385 /* segmentDeletedMailOn@2x.png */ = {isa = PBXFileReference; lastKnownFileType = image.png; path = "segmentDeletedMailOn@2x.png"; sourceTree = "<group>"; };
		229AD65817CD0FFA00DE4385 /* segmentDoneMailOn@2x.png */ = {isa = PBXFileReference; lastKnownFileType = image.png; path = "segmentDoneMailOn@2x.png"; sourceTree = "<group>"; };
		229AD65D17CD13FC00DE4385 /* IKImageSegmentedControl.h */ = {isa = PBXFileReference; fileEncoding = 4; lastKnownFileType = sourcecode.c.h; path = IKImageSegmentedControl.h; sourceTree = "<group>"; };
		229AD65E17CD13FC00DE4385 /* IKImageSegmentedControl.m */ = {isa = PBXFileReference; fileEncoding = 4; lastKnownFileType = sourcecode.c.objc; path = IKImageSegmentedControl.m; sourceTree = "<group>"; };
		229AD66017CD1DD300DE4385 /* refreshButton@2x.png */ = {isa = PBXFileReference; lastKnownFileType = image.png; path = "refreshButton@2x.png"; sourceTree = "<group>"; };
		229AD66317CD20D100DE4385 /* AFHTTPClient.h */ = {isa = PBXFileReference; fileEncoding = 4; lastKnownFileType = sourcecode.c.h; path = AFHTTPClient.h; sourceTree = "<group>"; };
		229AD66417CD20D100DE4385 /* AFHTTPClient.m */ = {isa = PBXFileReference; fileEncoding = 4; lastKnownFileType = sourcecode.c.objc; path = AFHTTPClient.m; sourceTree = "<group>"; };
		229AD66517CD20D100DE4385 /* AFHTTPRequestOperation.h */ = {isa = PBXFileReference; fileEncoding = 4; lastKnownFileType = sourcecode.c.h; path = AFHTTPRequestOperation.h; sourceTree = "<group>"; };
		229AD66617CD20D100DE4385 /* AFHTTPRequestOperation.m */ = {isa = PBXFileReference; fileEncoding = 4; lastKnownFileType = sourcecode.c.objc; path = AFHTTPRequestOperation.m; sourceTree = "<group>"; };
		229AD66717CD20D100DE4385 /* AFImageRequestOperation.h */ = {isa = PBXFileReference; fileEncoding = 4; lastKnownFileType = sourcecode.c.h; path = AFImageRequestOperation.h; sourceTree = "<group>"; };
		229AD66817CD20D100DE4385 /* AFImageRequestOperation.m */ = {isa = PBXFileReference; fileEncoding = 4; lastKnownFileType = sourcecode.c.objc; path = AFImageRequestOperation.m; sourceTree = "<group>"; };
		229AD66917CD20D100DE4385 /* AFJSONRequestOperation.h */ = {isa = PBXFileReference; fileEncoding = 4; lastKnownFileType = sourcecode.c.h; path = AFJSONRequestOperation.h; sourceTree = "<group>"; };
		229AD66A17CD20D100DE4385 /* AFJSONRequestOperation.m */ = {isa = PBXFileReference; fileEncoding = 4; lastKnownFileType = sourcecode.c.objc; path = AFJSONRequestOperation.m; sourceTree = "<group>"; };
		229AD66B17CD20D100DE4385 /* AFNetworkActivityIndicatorManager.h */ = {isa = PBXFileReference; fileEncoding = 4; lastKnownFileType = sourcecode.c.h; path = AFNetworkActivityIndicatorManager.h; sourceTree = "<group>"; };
		229AD66C17CD20D100DE4385 /* AFNetworkActivityIndicatorManager.m */ = {isa = PBXFileReference; fileEncoding = 4; lastKnownFileType = sourcecode.c.objc; path = AFNetworkActivityIndicatorManager.m; sourceTree = "<group>"; };
		229AD66D17CD20D100DE4385 /* AFNetworking.h */ = {isa = PBXFileReference; fileEncoding = 4; lastKnownFileType = sourcecode.c.h; path = AFNetworking.h; sourceTree = "<group>"; };
		229AD66E17CD20D100DE4385 /* AFPropertyListRequestOperation.h */ = {isa = PBXFileReference; fileEncoding = 4; lastKnownFileType = sourcecode.c.h; path = AFPropertyListRequestOperation.h; sourceTree = "<group>"; };
		229AD66F17CD20D100DE4385 /* AFPropertyListRequestOperation.m */ = {isa = PBXFileReference; fileEncoding = 4; lastKnownFileType = sourcecode.c.objc; path = AFPropertyListRequestOperation.m; sourceTree = "<group>"; };
		229AD67017CD20D100DE4385 /* AFURLConnectionOperation.h */ = {isa = PBXFileReference; fileEncoding = 4; lastKnownFileType = sourcecode.c.h; path = AFURLConnectionOperation.h; sourceTree = "<group>"; };
		229AD67117CD20D100DE4385 /* AFURLConnectionOperation.m */ = {isa = PBXFileReference; fileEncoding = 4; lastKnownFileType = sourcecode.c.objc; path = AFURLConnectionOperation.m; sourceTree = "<group>"; };
		229AD67217CD20D100DE4385 /* AFXMLRequestOperation.h */ = {isa = PBXFileReference; fileEncoding = 4; lastKnownFileType = sourcecode.c.h; path = AFXMLRequestOperation.h; sourceTree = "<group>"; };
		229AD67317CD20D100DE4385 /* AFXMLRequestOperation.m */ = {isa = PBXFileReference; fileEncoding = 4; lastKnownFileType = sourcecode.c.objc; path = AFXMLRequestOperation.m; sourceTree = "<group>"; };
		229AD67417CD20D100DE4385 /* UIImageView+AFNetworking.h */ = {isa = PBXFileReference; fileEncoding = 4; lastKnownFileType = sourcecode.c.h; path = "UIImageView+AFNetworking.h"; sourceTree = "<group>"; };
		229AD67517CD20D100DE4385 /* UIImageView+AFNetworking.m */ = {isa = PBXFileReference; fileEncoding = 4; lastKnownFileType = sourcecode.c.objc; path = "UIImageView+AFNetworking.m"; sourceTree = "<group>"; };
		229AD68017CD20FE00DE4385 /* DataProvider.h */ = {isa = PBXFileReference; fileEncoding = 4; lastKnownFileType = sourcecode.c.h; path = DataProvider.h; sourceTree = "<group>"; };
		229AD68117CD20FE00DE4385 /* DataProvider.m */ = {isa = PBXFileReference; fileEncoding = 4; lastKnownFileType = sourcecode.c.objc; path = DataProvider.m; sourceTree = "<group>"; };
		229AD68417CD213E00DE4385 /* RMMail.h */ = {isa = PBXFileReference; fileEncoding = 4; lastKnownFileType = sourcecode.c.h; path = RMMail.h; sourceTree = "<group>"; };
		229AD68517CD213E00DE4385 /* RMMail.m */ = {isa = PBXFileReference; fileEncoding = 4; lastKnownFileType = sourcecode.c.objc; path = RMMail.m; sourceTree = "<group>"; };
		229AD68817CD269000DE4385 /* IKActiveRecord.h */ = {isa = PBXFileReference; fileEncoding = 4; lastKnownFileType = sourcecode.c.h; path = IKActiveRecord.h; sourceTree = "<group>"; };
		229AD68917CD269000DE4385 /* IKActiveRecord.m */ = {isa = PBXFileReference; fileEncoding = 4; lastKnownFileType = sourcecode.c.objc; path = IKActiveRecord.m; sourceTree = "<group>"; };
		229AD68A17CD269000DE4385 /* IKProperty.h */ = {isa = PBXFileReference; fileEncoding = 4; lastKnownFileType = sourcecode.c.h; path = IKProperty.h; sourceTree = "<group>"; };
		229AD68B17CD269000DE4385 /* IKProperty.m */ = {isa = PBXFileReference; fileEncoding = 4; lastKnownFileType = sourcecode.c.objc; path = IKProperty.m; sourceTree = "<group>"; };
		229AD68D17CD269000DE4385 /* Sqlite.h */ = {isa = PBXFileReference; fileEncoding = 4; lastKnownFileType = sourcecode.c.h; path = Sqlite.h; sourceTree = "<group>"; };
		229AD68E17CD269000DE4385 /* Sqlite.m */ = {isa = PBXFileReference; fileEncoding = 4; lastKnownFileType = sourcecode.c.objc; path = Sqlite.m; sourceTree = "<group>"; };
		229AD68F17CD269000DE4385 /* SqliteManager.h */ = {isa = PBXFileReference; fileEncoding = 4; lastKnownFileType = sourcecode.c.h; path = SqliteManager.h; sourceTree = "<group>"; };
		229AD69017CD269000DE4385 /* SqliteManager.m */ = {isa = PBXFileReference; fileEncoding = 4; lastKnownFileType = sourcecode.c.objc; path = SqliteManager.m; sourceTree = "<group>"; };
		229AD69517CD278500DE4385 /* libsqlite3.dylib */ = {isa = PBXFileReference; lastKnownFileType = "compiled.mach-o.dylib"; name = libsqlite3.dylib; path = usr/lib/libsqlite3.dylib; sourceTree = SDKROOT; };
		229AD69717CD27B900DE4385 /* Security.framework */ = {isa = PBXFileReference; lastKnownFileType = wrapper.framework; name = Security.framework; path = System/Library/Frameworks/Security.framework; sourceTree = SDKROOT; };
		229AD69917CD2E6A00DE4385 /* RMMailCell.h */ = {isa = PBXFileReference; fileEncoding = 4; lastKnownFileType = sourcecode.c.h; path = RMMailCell.h; sourceTree = "<group>"; };
		229AD69A17CD2E6A00DE4385 /* RMMailCell.m */ = {isa = PBXFileReference; fileEncoding = 4; lastKnownFileType = sourcecode.c.objc; path = RMMailCell.m; sourceTree = "<group>"; };
		229AD69C17CD2FA000DE4385 /* start@2x.png */ = {isa = PBXFileReference; lastKnownFileType = image.png; path = "start@2x.png"; sourceTree = "<group>"; };
		229AD69E17CE3F4600DE4385 /* RMMailCellDelimiter@2x.png */ = {isa = PBXFileReference; lastKnownFileType = image.png; path = "RMMailCellDelimiter@2x.png"; sourceTree = "<group>"; };
		229AD6A117CE40F400DE4385 /* iconDone@2x.png */ = {isa = PBXFileReference; lastKnownFileType = image.png; path = "iconDone@2x.png"; sourceTree = "<group>"; };
		229AD6A417CE41FD00DE4385 /* iconDelete@2x.png */ = {isa = PBXFileReference; lastKnownFileType = image.png; path = "iconDelete@2x.png"; sourceTree = "<group>"; };
		229AD6A617CE547400DE4385 /* QuartzCore.framework */ = {isa = PBXFileReference; lastKnownFileType = wrapper.framework; name = QuartzCore.framework; path = System/Library/Frameworks/QuartzCore.framework; sourceTree = SDKROOT; };
		229AD6A817CE678E00DE4385 /* RMMailLoadingCell.h */ = {isa = PBXFileReference; fileEncoding = 4; lastKnownFileType = sourcecode.c.h; path = RMMailLoadingCell.h; sourceTree = "<group>"; };
		229AD6A917CE678E00DE4385 /* RMMailLoadingCell.m */ = {isa = PBXFileReference; fileEncoding = 4; lastKnownFileType = sourcecode.c.objc; path = RMMailLoadingCell.m; sourceTree = "<group>"; };
/* End PBXFileReference section */

/* Begin PBXFrameworksBuildPhase section */
		2228FEE517CCAE62004362D3 /* Frameworks */ = {
			isa = PBXFrameworksBuildPhase;
			buildActionMask = 2147483647;
			files = (
				229AD6A717CE547400DE4385 /* QuartzCore.framework in Frameworks */,
				229AD69817CD27B900DE4385 /* Security.framework in Frameworks */,
				229AD69617CD278500DE4385 /* libsqlite3.dylib in Frameworks */,
				2228FEEC17CCAE62004362D3 /* UIKit.framework in Frameworks */,
				2228FEEE17CCAE62004362D3 /* Foundation.framework in Frameworks */,
				2228FEF017CCAE62004362D3 /* CoreGraphics.framework in Frameworks */,
			);
			runOnlyForDeploymentPostprocessing = 0;
		};
/* End PBXFrameworksBuildPhase section */

/* Begin PBXGroup section */
		2228FEDF17CCAE62004362D3 = {
			isa = PBXGroup;
			children = (
				2228FEF117CCAE62004362D3 /* RocketMailApp */,
				2228FEEA17CCAE62004362D3 /* Frameworks */,
				2228FEE917CCAE62004362D3 /* Products */,
			);
			sourceTree = "<group>";
		};
		2228FEE917CCAE62004362D3 /* Products */ = {
			isa = PBXGroup;
			children = (
				2228FEE817CCAE62004362D3 /* RocketMailApp.app */,
			);
			name = Products;
			sourceTree = "<group>";
		};
		2228FEEA17CCAE62004362D3 /* Frameworks */ = {
			isa = PBXGroup;
			children = (
				229AD6A617CE547400DE4385 /* QuartzCore.framework */,
				229AD69717CD27B900DE4385 /* Security.framework */,
				229AD69517CD278500DE4385 /* libsqlite3.dylib */,
				2228FEEB17CCAE62004362D3 /* UIKit.framework */,
				2228FEED17CCAE62004362D3 /* Foundation.framework */,
				2228FEEF17CCAE62004362D3 /* CoreGraphics.framework */,
			);
			name = Frameworks;
			sourceTree = "<group>";
		};
		2228FEF117CCAE62004362D3 /* RocketMailApp */ = {
			isa = PBXGroup;
			children = (
				223C394817CEA22200C15EBC /* Categories */,
				229AD68317CD211700DE4385 /* Model */,
				229AD67F17CD20E700DE4385 /* Data Provider */,
				229AD64817CD050B00DE4385 /* Resources */,
				229AD64517CD04E700DE4385 /* Libraries */,
				229AD64017CD03AB00DE4385 /* View Controllers */,
				2228FEFA17CCAE62004362D3 /* AppDelegate.h */,
				2228FEFB17CCAE62004362D3 /* AppDelegate.m */,
				2228FF0317CCAE62004362D3 /* MainStoryboard.storyboard */,
				2228FEF217CCAE62004362D3 /* Supporting Files */,
			);
			path = RocketMailApp;
			sourceTree = "<group>";
		};
		2228FEF217CCAE62004362D3 /* Supporting Files */ = {
			isa = PBXGroup;
			children = (
				2228FEF317CCAE62004362D3 /* RocketMailApp-Info.plist */,
				2228FEF417CCAE62004362D3 /* InfoPlist.strings */,
				2228FEF717CCAE62004362D3 /* main.m */,
				2228FEF917CCAE62004362D3 /* RocketMailApp-Prefix.pch */,
				2228FEFD17CCAE62004362D3 /* Default.png */,
				2228FEFF17CCAE62004362D3 /* Default@2x.png */,
				2228FF0117CCAE62004362D3 /* Default-568h@2x.png */,
			);
			name = "Supporting Files";
			sourceTree = "<group>";
		};
		223C393D17CE9C9800C15EBC /* Fonts */ = {
			isa = PBXGroup;
			children = (
				223C393E17CE9C9800C15EBC /* ChevinCyrillic-Bold.ttf */,
				223C393F17CE9C9800C15EBC /* ChevinCyrillic-BoldItalic.ttf */,
				223C394017CE9C9800C15EBC /* ChevinCyrillic-Light.ttf */,
				223C394117CE9C9800C15EBC /* ChevinCyrillic-LightItalic.ttf */,
				223C394217CE9C9800C15EBC /* G-Type - ChevinPro-Medium.otf */,
			);
			path = Fonts;
			sourceTree = "<group>";
		};
		223C394817CEA22200C15EBC /* Categories */ = {
			isa = PBXGroup;
			children = (
				223C394917CEA24E00C15EBC /* NSDate+relativeDate.h */,
				223C394A17CEA24E00C15EBC /* NSDate+relativeDate.m */,
			);
			path = Categories;
			sourceTree = "<group>";
		};
		229AD64017CD03AB00DE4385 /* View Controllers */ = {
			isa = PBXGroup;
			children = (
				229AD64117CD03AB00DE4385 /* RBMailListViewController */,
			);
			path = "View Controllers";
			sourceTree = "<group>";
		};
		229AD64117CD03AB00DE4385 /* RBMailListViewController */ = {
			isa = PBXGroup;
			children = (
				229AD64217CD03C000DE4385 /* RBMailListViewController.h */,
				229AD64317CD03C000DE4385 /* RBMailListViewController.m */,
				229AD69917CD2E6A00DE4385 /* RMMailCell.h */,
				229AD69A17CD2E6A00DE4385 /* RMMailCell.m */,
				229AD6A817CE678E00DE4385 /* RMMailLoadingCell.h */,
				229AD6A917CE678E00DE4385 /* RMMailLoadingCell.m */,
			);
			path = RBMailListViewController;
			sourceTree = "<group>";
		};
		229AD64517CD04E700DE4385 /* Libraries */ = {
			isa = PBXGroup;
			children = (
				229AD68717CD269000DE4385 /* IKActiveRecord */,
				229AD66217CD20D100DE4385 /* AFNetworking */,
				229AD65C17CD13E600DE4385 /* IKImageSegmentedControl */,
				229AD64617CD04E700DE4385 /* Debug */,
			);
			path = Libraries;
			sourceTree = "<group>";
		};
		229AD64617CD04E700DE4385 /* Debug */ = {
			isa = PBXGroup;
			children = (
				229AD64717CD04E700DE4385 /* Debug.h */,
			);
			path = Debug;
			sourceTree = "<group>";
		};
		229AD64817CD050B00DE4385 /* Resources */ = {
			isa = PBXGroup;
			children = (
				223C393D17CE9C9800C15EBC /* Fonts */,
				229AD64917CD050B00DE4385 /* Images */,
			);
			path = Resources;
			sourceTree = "<group>";
		};
		229AD64917CD050B00DE4385 /* Images */ = {
			isa = PBXGroup;
			children = (
				229AD6A417CE41FD00DE4385 /* iconDelete@2x.png */,
				229AD6A117CE40F400DE4385 /* iconDone@2x.png */,
				229AD69E17CE3F4600DE4385 /* RMMailCellDelimiter@2x.png */,
				229AD69C17CD2FA000DE4385 /* start@2x.png */,
				229AD66017CD1DD300DE4385 /* refreshButton@2x.png */,
				229AD65617CD0FFA00DE4385 /* segmentActualMail@2x.png */,
				229AD65717CD0FFA00DE4385 /* segmentDeletedMailOn@2x.png */,
				229AD65817CD0FFA00DE4385 /* segmentDoneMailOn@2x.png */,
				229AD64C17CD082E00DE4385 /* segmentActualMailOn@2x.png */,
				229AD64D17CD082E00DE4385 /* segmentDeletedMail@2x.png */,
				229AD64E17CD082E00DE4385 /* segmentDoneMail@2x.png */,
				229AD64A17CD050B00DE4385 /* navigationBarBg@2x.png */,
			);
			path = Images;
			sourceTree = "<group>";
		};
		229AD65C17CD13E600DE4385 /* IKImageSegmentedControl */ = {
			isa = PBXGroup;
			children = (
				229AD65D17CD13FC00DE4385 /* IKImageSegmentedControl.h */,
				229AD65E17CD13FC00DE4385 /* IKImageSegmentedControl.m */,
			);
			path = IKImageSegmentedControl;
			sourceTree = "<group>";
		};
		229AD66217CD20D100DE4385 /* AFNetworking */ = {
			isa = PBXGroup;
			children = (
				229AD66317CD20D100DE4385 /* AFHTTPClient.h */,
				229AD66417CD20D100DE4385 /* AFHTTPClient.m */,
				229AD66517CD20D100DE4385 /* AFHTTPRequestOperation.h */,
				229AD66617CD20D100DE4385 /* AFHTTPRequestOperation.m */,
				229AD66717CD20D100DE4385 /* AFImageRequestOperation.h */,
				229AD66817CD20D100DE4385 /* AFImageRequestOperation.m */,
				229AD66917CD20D100DE4385 /* AFJSONRequestOperation.h */,
				229AD66A17CD20D100DE4385 /* AFJSONRequestOperation.m */,
				229AD66B17CD20D100DE4385 /* AFNetworkActivityIndicatorManager.h */,
				229AD66C17CD20D100DE4385 /* AFNetworkActivityIndicatorManager.m */,
				229AD66D17CD20D100DE4385 /* AFNetworking.h */,
				229AD66E17CD20D100DE4385 /* AFPropertyListRequestOperation.h */,
				229AD66F17CD20D100DE4385 /* AFPropertyListRequestOperation.m */,
				229AD67017CD20D100DE4385 /* AFURLConnectionOperation.h */,
				229AD67117CD20D100DE4385 /* AFURLConnectionOperation.m */,
				229AD67217CD20D100DE4385 /* AFXMLRequestOperation.h */,
				229AD67317CD20D100DE4385 /* AFXMLRequestOperation.m */,
				229AD67417CD20D100DE4385 /* UIImageView+AFNetworking.h */,
				229AD67517CD20D100DE4385 /* UIImageView+AFNetworking.m */,
			);
			path = AFNetworking;
			sourceTree = "<group>";
		};
		229AD67F17CD20E700DE4385 /* Data Provider */ = {
			isa = PBXGroup;
			children = (
				229AD68017CD20FE00DE4385 /* DataProvider.h */,
				229AD68117CD20FE00DE4385 /* DataProvider.m */,
			);
			path = "Data Provider";
			sourceTree = "<group>";
		};
		229AD68317CD211700DE4385 /* Model */ = {
			isa = PBXGroup;
			children = (
				229AD68417CD213E00DE4385 /* RMMail.h */,
				229AD68517CD213E00DE4385 /* RMMail.m */,
			);
			path = Model;
			sourceTree = "<group>";
		};
		229AD68717CD269000DE4385 /* IKActiveRecord */ = {
			isa = PBXGroup;
			children = (
				229AD68817CD269000DE4385 /* IKActiveRecord.h */,
				229AD68917CD269000DE4385 /* IKActiveRecord.m */,
				229AD68A17CD269000DE4385 /* IKProperty.h */,
				229AD68B17CD269000DE4385 /* IKProperty.m */,
				229AD68C17CD269000DE4385 /* SqliteLibrary */,
			);
			path = IKActiveRecord;
			sourceTree = "<group>";
		};
		229AD68C17CD269000DE4385 /* SqliteLibrary */ = {
			isa = PBXGroup;
			children = (
				229AD68D17CD269000DE4385 /* Sqlite.h */,
				229AD68E17CD269000DE4385 /* Sqlite.m */,
				229AD68F17CD269000DE4385 /* SqliteManager.h */,
				229AD69017CD269000DE4385 /* SqliteManager.m */,
			);
			path = SqliteLibrary;
			sourceTree = "<group>";
		};
/* End PBXGroup section */

/* Begin PBXNativeTarget section */
		2228FEE717CCAE62004362D3 /* RocketMailApp */ = {
			isa = PBXNativeTarget;
			buildConfigurationList = 2228FF0B17CCAE62004362D3 /* Build configuration list for PBXNativeTarget "RocketMailApp" */;
			buildPhases = (
				2228FEE417CCAE62004362D3 /* Sources */,
				2228FEE517CCAE62004362D3 /* Frameworks */,
				2228FEE617CCAE62004362D3 /* Resources */,
			);
			buildRules = (
			);
			dependencies = (
			);
			name = RocketMailApp;
			productName = RocketMailApp;
			productReference = 2228FEE817CCAE62004362D3 /* RocketMailApp.app */;
			productType = "com.apple.product-type.application";
		};
/* End PBXNativeTarget section */

/* Begin PBXProject section */
		2228FEE017CCAE62004362D3 /* Project object */ = {
			isa = PBXProject;
			attributes = {
				LastUpgradeCheck = 0460;
				ORGANIZATIONNAME = "Igor Kamenev";
			};
			buildConfigurationList = 2228FEE317CCAE62004362D3 /* Build configuration list for PBXProject "RocketMailApp" */;
			compatibilityVersion = "Xcode 3.2";
			developmentRegion = English;
			hasScannedForEncodings = 0;
			knownRegions = (
				en,
			);
			mainGroup = 2228FEDF17CCAE62004362D3;
			productRefGroup = 2228FEE917CCAE62004362D3 /* Products */;
			projectDirPath = "";
			projectRoot = "";
			targets = (
				2228FEE717CCAE62004362D3 /* RocketMailApp */,
			);
		};
/* End PBXProject section */

/* Begin PBXResourcesBuildPhase section */
		2228FEE617CCAE62004362D3 /* Resources */ = {
			isa = PBXResourcesBuildPhase;
			buildActionMask = 2147483647;
			files = (
				2228FEF617CCAE62004362D3 /* InfoPlist.strings in Resources */,
				2228FEFE17CCAE62004362D3 /* Default.png in Resources */,
				2228FF0017CCAE62004362D3 /* Default@2x.png in Resources */,
				2228FF0217CCAE62004362D3 /* Default-568h@2x.png in Resources */,
				2228FF0517CCAE62004362D3 /* MainStoryboard.storyboard in Resources */,
				229AD64B17CD050B00DE4385 /* navigationBarBg@2x.png in Resources */,
				229AD64F17CD082E00DE4385 /* segmentActualMailOn@2x.png in Resources */,
				229AD65017CD082E00DE4385 /* segmentDeletedMail@2x.png in Resources */,
				229AD65117CD082E00DE4385 /* segmentDoneMail@2x.png in Resources */,
				229AD65917CD0FFA00DE4385 /* segmentActualMail@2x.png in Resources */,
				229AD65A17CD0FFA00DE4385 /* segmentDeletedMailOn@2x.png in Resources */,
				229AD65B17CD0FFA00DE4385 /* segmentDoneMailOn@2x.png in Resources */,
				229AD66117CD1DD300DE4385 /* refreshButton@2x.png in Resources */,
				229AD69D17CD2FA000DE4385 /* start@2x.png in Resources */,
				229AD69F17CE3F4600DE4385 /* RMMailCellDelimiter@2x.png in Resources */,
				229AD6A317CE40F400DE4385 /* iconDone@2x.png in Resources */,
				229AD6A517CE41FD00DE4385 /* iconDelete@2x.png in Resources */,
				223C394317CE9C9800C15EBC /* ChevinCyrillic-Bold.ttf in Resources */,
				223C394417CE9C9800C15EBC /* ChevinCyrillic-BoldItalic.ttf in Resources */,
				223C394517CE9C9800C15EBC /* ChevinCyrillic-Light.ttf in Resources */,
				223C394617CE9C9800C15EBC /* ChevinCyrillic-LightItalic.ttf in Resources */,
				223C394717CE9C9800C15EBC /* G-Type - ChevinPro-Medium.otf in Resources */,
			);
			runOnlyForDeploymentPostprocessing = 0;
		};
/* End PBXResourcesBuildPhase section */

/* Begin PBXSourcesBuildPhase section */
		2228FEE417CCAE62004362D3 /* Sources */ = {
			isa = PBXSourcesBuildPhase;
			buildActionMask = 2147483647;
			files = (
				2228FEF817CCAE62004362D3 /* main.m in Sources */,
				2228FEFC17CCAE62004362D3 /* AppDelegate.m in Sources */,
				229AD64417CD03C000DE4385 /* RBMailListViewController.m in Sources */,
				229AD65F17CD13FC00DE4385 /* IKImageSegmentedControl.m in Sources */,
				229AD67617CD20D100DE4385 /* AFHTTPClient.m in Sources */,
				229AD67717CD20D100DE4385 /* AFHTTPRequestOperation.m in Sources */,
				229AD67817CD20D100DE4385 /* AFImageRequestOperation.m in Sources */,
				229AD67917CD20D100DE4385 /* AFJSONRequestOperation.m in Sources */,
				229AD67A17CD20D100DE4385 /* AFNetworkActivityIndicatorManager.m in Sources */,
				229AD67B17CD20D100DE4385 /* AFPropertyListRequestOperation.m in Sources */,
				229AD67C17CD20D100DE4385 /* AFURLConnectionOperation.m in Sources */,
				229AD67D17CD20D100DE4385 /* AFXMLRequestOperation.m in Sources */,
				229AD67E17CD20D100DE4385 /* UIImageView+AFNetworking.m in Sources */,
				229AD68217CD20FE00DE4385 /* DataProvider.m in Sources */,
				229AD68617CD213E00DE4385 /* RMMail.m in Sources */,
				229AD69117CD269000DE4385 /* IKActiveRecord.m in Sources */,
				229AD69217CD269000DE4385 /* IKProperty.m in Sources */,
				229AD69317CD269000DE4385 /* Sqlite.m in Sources */,
				229AD69417CD269000DE4385 /* SqliteManager.m in Sources */,
				229AD69B17CD2E6A00DE4385 /* RMMailCell.m in Sources */,
				229AD6AA17CE678E00DE4385 /* RMMailLoadingCell.m in Sources */,
				223C394B17CEA24E00C15EBC /* NSDate+relativeDate.m in Sources */,
			);
			runOnlyForDeploymentPostprocessing = 0;
		};
/* End PBXSourcesBuildPhase section */

/* Begin PBXVariantGroup section */
		2228FEF417CCAE62004362D3 /* InfoPlist.strings */ = {
			isa = PBXVariantGroup;
			children = (
				2228FEF517CCAE62004362D3 /* en */,
			);
			name = InfoPlist.strings;
			sourceTree = "<group>";
		};
		2228FF0317CCAE62004362D3 /* MainStoryboard.storyboard */ = {
			isa = PBXVariantGroup;
			children = (
				2228FF0417CCAE62004362D3 /* en */,
			);
			name = MainStoryboard.storyboard;
			sourceTree = "<group>";
		};
/* End PBXVariantGroup section */

/* Begin XCBuildConfiguration section */
		2228FF0917CCAE62004362D3 /* Debug */ = {
			isa = XCBuildConfiguration;
			buildSettings = {
				ALWAYS_SEARCH_USER_PATHS = NO;
				CLANG_CXX_LANGUAGE_STANDARD = "gnu++0x";
				CLANG_CXX_LIBRARY = "libc++";
				CLANG_ENABLE_OBJC_ARC = YES;
				CLANG_WARN_CONSTANT_CONVERSION = YES;
				CLANG_WARN_EMPTY_BODY = YES;
				CLANG_WARN_ENUM_CONVERSION = YES;
				CLANG_WARN_INT_CONVERSION = YES;
				CLANG_WARN__DUPLICATE_METHOD_MATCH = YES;
				CODE_SIGN_IDENTITY = "iPhone Developer: Igor Kamenev (5DZA446Y39)";
				"CODE_SIGN_IDENTITY[sdk=iphoneos*]" = "iPhone Developer";
				COPY_PHASE_STRIP = NO;
				GCC_C_LANGUAGE_STANDARD = gnu99;
				GCC_DYNAMIC_NO_PIC = NO;
				GCC_OPTIMIZATION_LEVEL = 0;
				GCC_PREPROCESSOR_DEFINITIONS = (
					"DEBUG=1",
					"$(inherited)",
				);
				GCC_SYMBOLS_PRIVATE_EXTERN = NO;
				GCC_WARN_ABOUT_RETURN_TYPE = YES;
				GCC_WARN_UNINITIALIZED_AUTOS = YES;
				GCC_WARN_UNUSED_VARIABLE = YES;
				IPHONEOS_DEPLOYMENT_TARGET = 6.1;
				ONLY_ACTIVE_ARCH = YES;
				PROVISIONING_PROFILE = "19817AD8-E9AA-4263-9B3B-E511DD972A9F";
				SDKROOT = iphoneos;
			};
			name = Debug;
		};
		2228FF0A17CCAE62004362D3 /* Release */ = {
			isa = XCBuildConfiguration;
			buildSettings = {
				ALWAYS_SEARCH_USER_PATHS = NO;
				CLANG_CXX_LANGUAGE_STANDARD = "gnu++0x";
				CLANG_CXX_LIBRARY = "libc++";
				CLANG_ENABLE_OBJC_ARC = YES;
				CLANG_WARN_CONSTANT_CONVERSION = YES;
				CLANG_WARN_EMPTY_BODY = YES;
				CLANG_WARN_ENUM_CONVERSION = YES;
				CLANG_WARN_INT_CONVERSION = YES;
				CLANG_WARN__DUPLICATE_METHOD_MATCH = YES;
				CODE_SIGN_IDENTITY = "iPhone Developer: Igor Kamenev (5DZA446Y39)";
				"CODE_SIGN_IDENTITY[sdk=iphoneos*]" = "iPhone Developer";
				COPY_PHASE_STRIP = YES;
				GCC_C_LANGUAGE_STANDARD = gnu99;
				GCC_WARN_ABOUT_RETURN_TYPE = YES;
				GCC_WARN_UNINITIALIZED_AUTOS = YES;
				GCC_WARN_UNUSED_VARIABLE = YES;
				IPHONEOS_DEPLOYMENT_TARGET = 6.1;
				OTHER_CFLAGS = "-DNS_BLOCK_ASSERTIONS=1";
				PROVISIONING_PROFILE = "19817AD8-E9AA-4263-9B3B-E511DD972A9F";
				SDKROOT = iphoneos;
				VALIDATE_PRODUCT = YES;
			};
			name = Release;
		};
		2228FF0C17CCAE62004362D3 /* Debug */ = {
			isa = XCBuildConfiguration;
			buildSettings = {
				GCC_PRECOMPILE_PREFIX_HEADER = YES;
				GCC_PREFIX_HEADER = "RocketMailApp/RocketMailApp-Prefix.pch";
				INFOPLIST_FILE = "RocketMailApp/RocketMailApp-Info.plist";
				PRODUCT_NAME = "$(TARGET_NAME)";
				WRAPPER_EXTENSION = app;
			};
			name = Debug;
		};
		2228FF0D17CCAE62004362D3 /* Release */ = {
			isa = XCBuildConfiguration;
			buildSettings = {
				GCC_PRECOMPILE_PREFIX_HEADER = YES;
				GCC_PREFIX_HEADER = "RocketMailApp/RocketMailApp-Prefix.pch";
				INFOPLIST_FILE = "RocketMailApp/RocketMailApp-Info.plist";
				PRODUCT_NAME = "$(TARGET_NAME)";
				WRAPPER_EXTENSION = app;
			};
			name = Release;
		};
/* End XCBuildConfiguration section */

/* Begin XCConfigurationList section */
		2228FEE317CCAE62004362D3 /* Build configuration list for PBXProject "RocketMailApp" */ = {
			isa = XCConfigurationList;
			buildConfigurations = (
				2228FF0917CCAE62004362D3 /* Debug */,
				2228FF0A17CCAE62004362D3 /* Release */,
			);
			defaultConfigurationIsVisible = 0;
			defaultConfigurationName = Release;
		};
		2228FF0B17CCAE62004362D3 /* Build configuration list for PBXNativeTarget "RocketMailApp" */ = {
			isa = XCConfigurationList;
			buildConfigurations = (
				2228FF0C17CCAE62004362D3 /* Debug */,
				2228FF0D17CCAE62004362D3 /* Release */,
			);
			defaultConfigurationIsVisible = 0;
			defaultConfigurationName = Release;
		};
/* End XCConfigurationList section */
	};
	rootObject = 2228FEE017CCAE62004362D3 /* Project object */;
}
